
Microsoft Visual Studio Solution File, Format Version 12.00
# Visual Studio Version 17
VisualStudioVersion = 17.8.34525.116
MinimumVisualStudioVersion = 10.0.40219.1
Project("{9A19103F-16F7-4668-BE54-9A1E7A4F7556}") = "CarBroker.Test", "CarBroker.Test\CarBroker.Test.csproj", "{0A9271A7-A3F0-4010-A62A-552714BDBB3F}"
EndProject
Project("{9A19103F-16F7-4668-BE54-9A1E7A4F7556}") = "CarBroker.Models", "CarBroker.Models\CarBroker.Models.csproj", "{5A222DCE-B840-4FF6-9EC9-89BF284FE89C}"
EndProject
Project("{9A19103F-16F7-4668-BE54-9A1E7A4F7556}") = "CarBroker.DL", "CarBroker.DL\CarBroker.DL.csproj", "{9CCF7D0E-0614-4925-854F-CCD3579C9C74}"
EndProject
Project("{9A19103F-16F7-4668-BE54-9A1E7A4F7556}") = "CarBroker.BL", "CarBroker.BL\CarBroker.BL.csproj", "{2AA46E1C-DCCE-485A-811B-CD1825D8E512}"
EndProject
Project("{9A19103F-16F7-4668-BE54-9A1E7A4F7556}") = "CarBroker", "CarBroker\CarBroker.csproj", "{41E72947-6BF2-4070-9C0C-4F4129A7E608}"
EndProject
Global
	GlobalSection(SolutionConfigurationPlatforms) = preSolution
		Debug|Any CPU = Debug|Any CPU
		Release|Any CPU = Release|Any CPU
	EndGlobalSection
	GlobalSection(ProjectConfigurationPlatforms) = postSolution
		{0A9271A7-A3F0-4010-A62A-552714BDBB3F}.Debug|Any CPU.ActiveCfg = Debug|Any CPU
		{0A9271A7-A3F0-4010-A62A-552714BDBB3F}.Debug|Any CPU.Build.0 = Debug|Any CPU
		{0A9271A7-A3F0-4010-A62A-552714BDBB3F}.Release|Any CPU.ActiveCfg = Release|Any CPU
		{0A9271A7-A3F0-4010-A62A-552714BDBB3F}.Release|Any CPU.Build.0 = Release|Any CPU
		{5A222DCE-B840-4FF6-9EC9-89BF284FE89C}.Debug|Any CPU.ActiveCfg = Debug|Any CPU
		{5A222DCE-B840-4FF6-9EC9-89BF284FE89C}.Debug|Any CPU.Build.0 = Debug|Any CPU
		{5A222DCE-B840-4FF6-9EC9-89BF284FE89C}.Release|Any CPU.ActiveCfg = Release|Any CPU
		{5A222DCE-B840-4FF6-9EC9-89BF284FE89C}.Release|Any CPU.Build.0 = Release|Any CPU
		{9CCF7D0E-0614-4925-854F-CCD3579C9C74}.Debug|Any CPU.ActiveCfg = Debug|Any CPU
		{9CCF7D0E-0614-4925-854F-CCD3579C9C74}.Debug|Any CPU.Build.0 = Debug|Any CPU
		{9CCF7D0E-0614-4925-854F-CCD3579C9C74}.Release|Any CPU.ActiveCfg = Release|Any CPU
		{9CCF7D0E-0614-4925-854F-CCD3579C9C74}.Release|Any CPU.Build.0 = Release|Any CPU
		{2AA46E1C-DCCE-485A-811B-CD1825D8E512}.Debug|Any CPU.ActiveCfg = Debug|Any CPU
		{2AA46E1C-DCCE-485A-811B-CD1825D8E512}.Debug|Any CPU.Build.0 = Debug|Any CPU
		{2AA46E1C-DCCE-485A-811B-CD1825D8E512}.Release|Any CPU.ActiveCfg = Release|Any CPU
		{2AA46E1C-DCCE-485A-811B-CD1825D8E512}.Release|Any CPU.Build.0 = Release|Any CPU
		{41E72947-6BF2-4070-9C0C-4F4129A7E608}.Debug|Any CPU.ActiveCfg = Debug|Any CPU
		{41E72947-6BF2-4070-9C0C-4F4129A7E608}.Debug|Any CPU.Build.0 = Debug|Any CPU
		{41E72947-6BF2-4070-9C0C-4F4129A7E608}.Release|Any CPU.ActiveCfg = Release|Any CPU
		{41E72947-6BF2-4070-9C0C-4F4129A7E608}.Release|Any CPU.Build.0 = Release|Any CPU
	EndGlobalSection
	GlobalSection(SolutionProperties) = preSolution
		HideSolutionNode = FALSE
	EndGlobalSection
	GlobalSection(ExtensibilityGlobals) = postSolution
		SolutionGuid = {3AFBD4C6-5B1E-4FB0-B450-AA205D75B690}
	EndGlobalSection
EndGlobal
